
Microsoft Visual Studio Solution File, Format Version 12.00
# Visual Studio Version 17
VisualStudioVersion = 17.8.34316.72
MinimumVisualStudioVersion = 10.0.40219.1
Project("{9A19103F-16F7-4668-BE54-9A1E7A4F7556}") = "NpTcpApp", "NpTcpApp\NpTcpApp.csproj", "{681DB9FB-76C2-482B-A10F-88810114D333}"
EndProject
Project("{9A19103F-16F7-4668-BE54-9A1E7A4F7556}") = "NpTcpClientSocketApp", "NpTcpClientSocketApp\NpTcpClientSocketApp.csproj", "{06C5CB61-F8F8-44DF-AF8B-562B39715F09}"
EndProject
Project("{9A19103F-16F7-4668-BE54-9A1E7A4F7556}") = "NpTcpServerSocketApp", "NpTcpServerSocketApp\NpTcpServerSocketApp.csproj", "{033A75A5-3668-4144-98F0-413CC54DAD9E}"
EndProject
Project("{9A19103F-16F7-4668-BE54-9A1E7A4F7556}") = "NpTcpClientClassApp", "NpTcpClientClassApp\NpTcpClientClassApp.csproj", "{2EA4D84D-9DF2-40A6-B400-093E250CBE09}"
EndProject
Project("{9A19103F-16F7-4668-BE54-9A1E7A4F7556}") = "NpTcpListenerClassApp", "NpTcpListenerClassApp\NpTcpListenerClassApp.csproj", "{756D443E-CBF4-49C3-80A5-9A088C61F28B}"
EndProject
Project("{FAE04EC0-301F-11D3-BF4B-00C04F79EFBC}") = "NpTcpListenerDuplexApp", "NpTcpListenerDuplexApp\NpTcpListenerDuplexApp.csproj", "{D10B3663-E10C-4D62-A375-E505D1DC2660}"
EndProject
Project("{FAE04EC0-301F-11D3-BF4B-00C04F79EFBC}") = "NpTcpClientDuplexApp", "NpTcpClientDuplexApp\NpTcpClientDuplexApp.csproj", "{A83EED1B-D16E-464F-B4F2-1E4C37AC5CF2}"
EndProject
Global
	GlobalSection(SolutionConfigurationPlatforms) = preSolution
		Debug|Any CPU = Debug|Any CPU
		Release|Any CPU = Release|Any CPU
	EndGlobalSection
	GlobalSection(ProjectConfigurationPlatforms) = postSolution
		{681DB9FB-76C2-482B-A10F-88810114D333}.Debug|Any CPU.ActiveCfg = Debug|Any CPU
		{681DB9FB-76C2-482B-A10F-88810114D333}.Debug|Any CPU.Build.0 = Debug|Any CPU
		{681DB9FB-76C2-482B-A10F-88810114D333}.Release|Any CPU.ActiveCfg = Release|Any CPU
		{681DB9FB-76C2-482B-A10F-88810114D333}.Release|Any CPU.Build.0 = Release|Any CPU
		{06C5CB61-F8F8-44DF-AF8B-562B39715F09}.Debug|Any CPU.ActiveCfg = Debug|Any CPU
		{06C5CB61-F8F8-44DF-AF8B-562B39715F09}.Debug|Any CPU.Build.0 = Debug|Any CPU
		{06C5CB61-F8F8-44DF-AF8B-562B39715F09}.Release|Any CPU.ActiveCfg = Release|Any CPU
		{06C5CB61-F8F8-44DF-AF8B-562B39715F09}.Release|Any CPU.Build.0 = Release|Any CPU
		{033A75A5-3668-4144-98F0-413CC54DAD9E}.Debug|Any CPU.ActiveCfg = Debug|Any CPU
		{033A75A5-3668-4144-98F0-413CC54DAD9E}.Debug|Any CPU.Build.0 = Debug|Any CPU
		{033A75A5-3668-4144-98F0-413CC54DAD9E}.Release|Any CPU.ActiveCfg = Release|Any CPU
		{033A75A5-3668-4144-98F0-413CC54DAD9E}.Release|Any CPU.Build.0 = Release|Any CPU
		{2EA4D84D-9DF2-40A6-B400-093E250CBE09}.Debug|Any CPU.ActiveCfg = Debug|Any CPU
		{2EA4D84D-9DF2-40A6-B400-093E250CBE09}.Debug|Any CPU.Build.0 = Debug|Any CPU
		{2EA4D84D-9DF2-40A6-B400-093E250CBE09}.Release|Any CPU.ActiveCfg = Release|Any CPU
		{2EA4D84D-9DF2-40A6-B400-093E250CBE09}.Release|Any CPU.Build.0 = Release|Any CPU
		{756D443E-CBF4-49C3-80A5-9A088C61F28B}.Debug|Any CPU.ActiveCfg = Debug|Any CPU
		{756D443E-CBF4-49C3-80A5-9A088C61F28B}.Debug|Any CPU.Build.0 = Debug|Any CPU
		{756D443E-CBF4-49C3-80A5-9A088C61F28B}.Release|Any CPU.ActiveCfg = Release|Any CPU
		{756D443E-CBF4-49C3-80A5-9A088C61F28B}.Release|Any CPU.Build.0 = Release|Any CPU
		{D10B3663-E10C-4D62-A375-E505D1DC2660}.Debug|Any CPU.ActiveCfg = Debug|Any CPU
		{D10B3663-E10C-4D62-A375-E505D1DC2660}.Debug|Any CPU.Build.0 = Debug|Any CPU
		{D10B3663-E10C-4D62-A375-E505D1DC2660}.Release|Any CPU.ActiveCfg = Release|Any CPU
		{D10B3663-E10C-4D62-A375-E505D1DC2660}.Release|Any CPU.Build.0 = Release|Any CPU
		{A83EED1B-D16E-464F-B4F2-1E4C37AC5CF2}.Debug|Any CPU.ActiveCfg = Debug|Any CPU
		{A83EED1B-D16E-464F-B4F2-1E4C37AC5CF2}.Debug|Any CPU.Build.0 = Debug|Any CPU
		{A83EED1B-D16E-464F-B4F2-1E4C37AC5CF2}.Release|Any CPU.ActiveCfg = Release|Any CPU
		{A83EED1B-D16E-464F-B4F2-1E4C37AC5CF2}.Release|Any CPU.Build.0 = Release|Any CPU
	EndGlobalSection
	GlobalSection(SolutionProperties) = preSolution
		HideSolutionNode = FALSE
	EndGlobalSection
	GlobalSection(ExtensibilityGlobals) = postSolution
		SolutionGuid = {FC80862C-35E3-444C-B2D0-CBFD369F2EBF}
	EndGlobalSection
EndGlobal
